
Microsoft Visual Studio Solution File, Format Version 12.00
# Visual Studio Version 17
VisualStudioVersion = 17.13.35825.156
MinimumVisualStudioVersion = 10.0.40219.1
Project("{FAE04EC0-301F-11D3-BF4B-00C04F79EFBC}") = "Backend-dotnet", "Backend-dotnet\Backend-dotnet.csproj", "{B6E7ABCC-81E4-4D5C-BCC3-7BF2CA45EB95}"
EndProject
Global
	GlobalSection(SolutionConfigurationPlatforms) = preSolution
		Debug|Any CPU = Debug|Any CPU
		Release|Any CPU = Release|Any CPU
	EndGlobalSection
	GlobalSection(ProjectConfigurationPlatforms) = postSolution
		{B6E7ABCC-81E4-4D5C-BCC3-7BF2CA45EB95}.Debug|Any CPU.ActiveCfg = Debug|Any CPU
		{B6E7ABCC-81E4-4D5C-BCC3-7BF2CA45EB95}.Debug|Any CPU.Build.0 = Debug|Any CPU
		{B6E7ABCC-81E4-4D5C-BCC3-7BF2CA45EB95}.Release|Any CPU.ActiveCfg = Release|Any CPU
		{B6E7ABCC-81E4-4D5C-BCC3-7BF2CA45EB95}.Release|Any CPU.Build.0 = Release|Any CPU
	EndGlobalSection
	GlobalSection(SolutionProperties) = preSolution
		HideSolutionNode = FALSE
	EndGlobalSection
	GlobalSection(ExtensibilityGlobals) = postSolution
		SolutionGuid = {4F5931FF-715A-4B79-ADC4-1D2A1B07F378}
	EndGlobalSection
EndGlobal
